github.com/Emojigamble/utility/logger v0.0.0-20201221101255-3393e09df1ff h1:fe1zj9xCRHGnMmwG8BgAZzOQBTnp5NkZ7WRzocHuyWE=
github.com/Emojigamble/utility/logger v0.0.0-20201221101255-3393e09df1ff/go.mod h1:cQE54NRpgKSb8wp0vlz2MaP1KJ2CnIjk3pL8DdeBOcE=
github.com/logrusorgru/aurora v2.0.3+incompatible h1:tOpm7WcpBTn4fjmVfgpQq0EfczGlG91VSDkswnjF5A8=
github.com/logrusorgru/aurora v2.0.3+incompatible/go.mod h1:7rIyQOR62GCctdiQpZ/zOJlFyk6y+94wXzv6RNZgaR4=
